{
  "name": "awscicd",
  "version": "0.1.0",
  "lockfileVersion": 1,
  "requires": true,
  "dependencies": {
    "@aws-cdk/assets": {
      "version": "0.27.0",
      "resolved": "https://registry.npmjs.org/@aws-cdk/assets/-/assets-0.27.0.tgz",
      "integrity": "sha512-l3rdnM+chMQyx0LbXyQXMk8UpfMQAUtTGVBggyWLK05L7Y58u+3utJLUqrfZYjxhWACNBcsnd8SLDOCXs8OBCw==",
      "requires": {
        "@aws-cdk/aws-iam": "0.27.0",
        "@aws-cdk/aws-s3": "0.27.0",
        "@aws-cdk/cdk": "0.27.0",
        "@aws-cdk/cx-api": "0.27.0"
      }
    },
    "@aws-cdk/assets-docker": {
      "version": "0.27.0",
      "resolved": "https://registry.npmjs.org/@aws-cdk/assets-docker/-/assets-docker-0.27.0.tgz",
      "integrity": "sha512-PcLA+cYzNu+KRpW3+VU2OUlOaKi1Q1QYQGwrI4PeBSjIKMrg+MQ6E4tshj6bZSg9L9T32ShUQWd5IVfHioQwbA==",
      "requires": {
        "@aws-cdk/aws-cloudformation": "0.27.0",
        "@aws-cdk/aws-ecr": "0.27.0",
        "@aws-cdk/aws-iam": "0.27.0",
        "@aws-cdk/aws-lambda": "0.27.0",
        "@aws-cdk/aws-s3": "0.27.0",
        "@aws-cdk/cdk": "0.27.0",
        "@aws-cdk/cx-api": "0.27.0"
      }
    },
    "@aws-cdk/aws-autoscaling-api": {
      "version": "0.27.0",
      "resolved": "https://registry.npmjs.org/@aws-cdk/aws-autoscaling-api/-/aws-autoscaling-api-0.27.0.tgz",
      "integrity": "sha512-L14W87h/GRPVfVxwI6ZpNOEXpcXvNdca/1/uWUeRnKNtsAFdZn+9hGUpxaso01wzZYRN/H9OMrAULKQ4jc4YAg==",
      "requires": {
        "@aws-cdk/aws-iam": "0.27.0",
        "@aws-cdk/cdk": "0.27.0"
      }
    },
    "@aws-cdk/aws-cloudformation": {
      "version": "0.27.0",
      "resolved": "https://registry.npmjs.org/@aws-cdk/aws-cloudformation/-/aws-cloudformation-0.27.0.tgz",
      "integrity": "sha512-nL0m76OPdWOsu4pYTNGLspq0h0SHbSonXuvDoN8wxJMmMMpkVXG79lWTBCtwBsUct5WvP02bdRM0dQAm4jcquw==",
      "requires": {
        "@aws-cdk/aws-codepipeline-api": "0.27.0",
        "@aws-cdk/aws-iam": "0.27.0",
        "@aws-cdk/aws-lambda": "0.27.0",
        "@aws-cdk/aws-sns": "0.27.0",
        "@aws-cdk/cdk": "0.27.0"
      }
    },
    "@aws-cdk/aws-cloudwatch": {
      "version": "0.27.0",
      "resolved": "https://registry.npmjs.org/@aws-cdk/aws-cloudwatch/-/aws-cloudwatch-0.27.0.tgz",
      "integrity": "sha512-v+lW3YiDO9NRQk3cdy76wDUd6e+xfjIDhAOVgpZvt6FFzT7o7+ntmGb/nZvRGa/+vejqZmNwrM4jfxyw3VV0Qg==",
      "requires": {
        "@aws-cdk/aws-iam": "0.27.0",
        "@aws-cdk/cdk": "0.27.0"
      }
    },
    "@aws-cdk/aws-codebuild": {
      "version": "0.27.0",
      "resolved": "https://registry.npmjs.org/@aws-cdk/aws-codebuild/-/aws-codebuild-0.27.0.tgz",
      "integrity": "sha512-xv1zT/5AzEqQ3J21430fik+zLvZofu9DASv+yDjMpOzCaVBZly5ljvGy/f/d4bPsNtgFfc/afK44yXYlTjOKGg==",
      "requires": {
        "@aws-cdk/assets": "0.27.0",
        "@aws-cdk/assets-docker": "0.27.0",
        "@aws-cdk/aws-cloudwatch": "0.27.0",
        "@aws-cdk/aws-codecommit": "0.27.0",
        "@aws-cdk/aws-codepipeline-api": "0.27.0",
        "@aws-cdk/aws-ecr": "0.27.0",
        "@aws-cdk/aws-events": "0.27.0",
        "@aws-cdk/aws-iam": "0.27.0",
        "@aws-cdk/aws-kms": "0.27.0",
        "@aws-cdk/aws-s3": "0.27.0",
        "@aws-cdk/cdk": "0.27.0"
      }
    },
    "@aws-cdk/aws-codecommit": {
      "version": "0.27.0",
      "resolved": "https://registry.npmjs.org/@aws-cdk/aws-codecommit/-/aws-codecommit-0.27.0.tgz",
      "integrity": "sha512-e2piuoYSq133u7ym5YABYN51+GJzKnPZgC3v8z7N9mSmAETW8hG3++v6/vMz8jcP7e+b9gZaVy4Du92qZM1WwA==",
      "requires": {
        "@aws-cdk/aws-codepipeline-api": "0.27.0",
        "@aws-cdk/aws-events": "0.27.0",
        "@aws-cdk/aws-iam": "0.27.0",
        "@aws-cdk/cdk": "0.27.0"
      }
    },
    "@aws-cdk/aws-codepipeline": {
      "version": "0.27.0",
      "resolved": "https://registry.npmjs.org/@aws-cdk/aws-codepipeline/-/aws-codepipeline-0.27.0.tgz",
      "integrity": "sha512-Hy31KdlbV6GgJE85Cargoca3bhby4BHL90hD2n0taZGCs3xkZm7TsgO6p9uHLuAfPYwUSPUEcJZuD0L1wL+EQw==",
      "requires": {
        "@aws-cdk/aws-codepipeline-api": "0.27.0",
        "@aws-cdk/aws-events": "0.27.0",
        "@aws-cdk/aws-iam": "0.27.0",
        "@aws-cdk/aws-s3": "0.27.0",
        "@aws-cdk/aws-sns": "0.27.0",
        "@aws-cdk/cdk": "0.27.0"
      }
    },
    "@aws-cdk/aws-codepipeline-api": {
      "version": "0.27.0",
      "resolved": "https://registry.npmjs.org/@aws-cdk/aws-codepipeline-api/-/aws-codepipeline-api-0.27.0.tgz",
      "integrity": "sha512-DWrpwsTyBHQAZWpz5YOHSwqTFpldp3xpzQgAyZA6p002Jh0OqRJc4YPNcg6pUioxw5umN1bgYJfHKtfu8rWMxg==",
      "requires": {
        "@aws-cdk/aws-events": "0.27.0",
        "@aws-cdk/aws-iam": "0.27.0",
        "@aws-cdk/cdk": "0.27.0"
      }
    },
    "@aws-cdk/aws-ec2": {
      "version": "0.27.0",
      "resolved": "https://registry.npmjs.org/@aws-cdk/aws-ec2/-/aws-ec2-0.27.0.tgz",
      "integrity": "sha512-9rF39gX9hztVavhKj5bsfUeRHtkgj8MenPGloxBtodd5ny/+mUxg2XQwpzcF/FF5PdAgS2SlVs3i4y4iLINtow==",
      "requires": {
        "@aws-cdk/aws-cloudwatch": "0.27.0",
        "@aws-cdk/aws-iam": "0.27.0",
        "@aws-cdk/cdk": "0.27.0",
        "@aws-cdk/cx-api": "0.27.0"
      }
    },
    "@aws-cdk/aws-ecr": {
      "version": "0.27.0",
      "resolved": "https://registry.npmjs.org/@aws-cdk/aws-ecr/-/aws-ecr-0.27.0.tgz",
      "integrity": "sha512-xjXa6g0iz7ifMDA7vDQE09RyiKTOuravFZNh7yuUcWWwsDzp6izQfMc6UMJa4LVtAWE08CHRt8sgN9LKn4qtTA==",
      "requires": {
        "@aws-cdk/aws-codepipeline-api": "0.27.0",
        "@aws-cdk/aws-events": "0.27.0",
        "@aws-cdk/aws-iam": "0.27.0",
        "@aws-cdk/cdk": "0.27.0"
      }
    },
    "@aws-cdk/aws-events": {
      "version": "0.27.0",
      "resolved": "https://registry.npmjs.org/@aws-cdk/aws-events/-/aws-events-0.27.0.tgz",
      "integrity": "sha512-uFba02+BzdnAIqBuLv1usbGmhFUJePV8gwnEijFgwKA3cJuGlt3Wa46kWJtiA2mOXYj/y3D04MA/kLRnb+j0Lw==",
      "requires": {
        "@aws-cdk/aws-iam": "0.27.0",
        "@aws-cdk/cdk": "0.27.0"
      }
    },
    "@aws-cdk/aws-iam": {
      "version": "0.27.0",
      "resolved": "https://registry.npmjs.org/@aws-cdk/aws-iam/-/aws-iam-0.27.0.tgz",
      "integrity": "sha512-Za1b0ikRbH7aJFPFuP6n49sEyAd1cameGIozBjJ1a5d0VgNI9RAo8bazawRjmYnr3crpAjPLlGjbz/388qcVcQ==",
      "requires": {
        "@aws-cdk/cdk": "0.27.0",
        "@aws-cdk/region-info": "0.27.0"
      }
    },
    "@aws-cdk/aws-kms": {
      "version": "0.27.0",
      "resolved": "https://registry.npmjs.org/@aws-cdk/aws-kms/-/aws-kms-0.27.0.tgz",
      "integrity": "sha512-ZOxgZUHum1Pd7ks4Jko7p3yX6AFvtgZxMMEjiII9I1+jldkh5r6S5jKNsrMHWRgxqvUxpzuqcnFeqqldt14kUw==",
      "requires": {
        "@aws-cdk/aws-iam": "0.27.0",
        "@aws-cdk/cdk": "0.27.0"
      }
    },
    "@aws-cdk/aws-lambda": {
      "version": "0.27.0",
      "resolved": "https://registry.npmjs.org/@aws-cdk/aws-lambda/-/aws-lambda-0.27.0.tgz",
      "integrity": "sha512-jGPZ02qK9I07PiX9poIMiSD5w5uFcr6LcN6jR4B6mF8rAn6UOjmBIl0Zs6bYkzJymtmApmT0STg/SgUTeABUdQ==",
      "requires": {
        "@aws-cdk/assets": "0.27.0",
        "@aws-cdk/aws-cloudwatch": "0.27.0",
        "@aws-cdk/aws-codepipeline-api": "0.27.0",
        "@aws-cdk/aws-ec2": "0.27.0",
        "@aws-cdk/aws-events": "0.27.0",
        "@aws-cdk/aws-iam": "0.27.0",
        "@aws-cdk/aws-logs": "0.27.0",
        "@aws-cdk/aws-s3": "0.27.0",
        "@aws-cdk/aws-s3-notifications": "0.27.0",
        "@aws-cdk/aws-sqs": "0.27.0",
        "@aws-cdk/aws-stepfunctions": "0.27.0",
        "@aws-cdk/cdk": "0.27.0",
        "@aws-cdk/cx-api": "0.27.0"
      }
    },
    "@aws-cdk/aws-logs": {
      "version": "0.27.0",
      "resolved": "https://registry.npmjs.org/@aws-cdk/aws-logs/-/aws-logs-0.27.0.tgz",
      "integrity": "sha512-2aJUkAeLPDC0I0gF7hPCoEYdGS+p08cXny2nnHL/7bx/A/YIjBfBWwjVBSjcl04ZK9QMskWoO56F4nMbe0EFpg==",
      "requires": {
        "@aws-cdk/aws-cloudwatch": "0.27.0",
        "@aws-cdk/aws-iam": "0.27.0",
        "@aws-cdk/cdk": "0.27.0"
      }
    },
    "@aws-cdk/aws-s3": {
      "version": "0.27.0",
      "resolved": "https://registry.npmjs.org/@aws-cdk/aws-s3/-/aws-s3-0.27.0.tgz",
      "integrity": "sha512-M/pRJCefz4zK/UVepjemBbvNReSkGCh9TViIsnENgD2XVGzX9e3Yxj7Z6xSNIm5iXBQ0xpYUzI19qk1at3VcVQ==",
      "requires": {
        "@aws-cdk/aws-codepipeline-api": "0.27.0",
        "@aws-cdk/aws-events": "0.27.0",
        "@aws-cdk/aws-iam": "0.27.0",
        "@aws-cdk/aws-kms": "0.27.0",
        "@aws-cdk/aws-s3-notifications": "0.27.0",
        "@aws-cdk/cdk": "0.27.0"
      }
    },
    "@aws-cdk/aws-s3-notifications": {
      "version": "0.27.0",
      "resolved": "https://registry.npmjs.org/@aws-cdk/aws-s3-notifications/-/aws-s3-notifications-0.27.0.tgz",
      "integrity": "sha512-IvqsxJJn1z1bMhHR/tukunyG2DS72l63N4i65PRdxgHS32PeXyLsXSXRobRhCxt/2oVgGVBAO23tEOWgM25+7A==",
      "requires": {
        "@aws-cdk/cdk": "0.27.0"
      }
    },
    "@aws-cdk/aws-sns": {
      "version": "0.27.0",
      "resolved": "https://registry.npmjs.org/@aws-cdk/aws-sns/-/aws-sns-0.27.0.tgz",
      "integrity": "sha512-VjDaIWLSBrkBl1NNO9MKqOXWD6N78PKQKApEQcnZL0K5q3z5Rby39AyyzK0pPuOmTGSw6fICYmeyDrkiUuaKdw==",
      "requires": {
        "@aws-cdk/aws-autoscaling-api": "0.27.0",
        "@aws-cdk/aws-cloudwatch": "0.27.0",
        "@aws-cdk/aws-events": "0.27.0",
        "@aws-cdk/aws-iam": "0.27.0",
        "@aws-cdk/aws-lambda": "0.27.0",
        "@aws-cdk/aws-s3-notifications": "0.27.0",
        "@aws-cdk/aws-sqs": "0.27.0",
        "@aws-cdk/cdk": "0.27.0"
      }
    },
    "@aws-cdk/aws-sqs": {
      "version": "0.27.0",
      "resolved": "https://registry.npmjs.org/@aws-cdk/aws-sqs/-/aws-sqs-0.27.0.tgz",
      "integrity": "sha512-TURx69KyX8tJjckxPudzjWfq2BhX/aaypjO5zlYhszNQHdnj8YUQnJuwmWzFHWAShizF4MQ2mb1ZxRWTLgnmiQ==",
      "requires": {
        "@aws-cdk/aws-autoscaling-api": "0.27.0",
        "@aws-cdk/aws-cloudwatch": "0.27.0",
        "@aws-cdk/aws-iam": "0.27.0",
        "@aws-cdk/aws-kms": "0.27.0",
        "@aws-cdk/aws-s3-notifications": "0.27.0",
        "@aws-cdk/cdk": "0.27.0"
      }
    },
    "@aws-cdk/aws-ssm": {
      "version": "0.27.0",
      "resolved": "https://registry.npmjs.org/@aws-cdk/aws-ssm/-/aws-ssm-0.27.0.tgz",
      "integrity": "sha512-IZJoyz57kbQfih3nghH2vQ2KKM1OjzF2nv9CoIpvKm6yLsfZgXfXRv2aXiumzm/PJ9CG6mXrgLprArXGrPYOjA==",
      "requires": {
        "@aws-cdk/aws-iam": "0.27.0",
        "@aws-cdk/cdk": "0.27.0"
      }
    },
    "@aws-cdk/aws-stepfunctions": {
      "version": "0.27.0",
      "resolved": "https://registry.npmjs.org/@aws-cdk/aws-stepfunctions/-/aws-stepfunctions-0.27.0.tgz",
      "integrity": "sha512-3cf8viGgVkId2ZcaOAf9I176mJ7VNMuNVGX0jusEEFvWC1SVdhWpZMTmMdZ/FB5aRYLSS7yNY+x9HL0Py5ZQ9w==",
      "requires": {
        "@aws-cdk/aws-cloudwatch": "0.27.0",
        "@aws-cdk/aws-events": "0.27.0",
        "@aws-cdk/aws-iam": "0.27.0",
        "@aws-cdk/cdk": "0.27.0"
      }
    },
    "@aws-cdk/cdk": {
      "version": "0.27.0",
      "resolved": "https://registry.npmjs.org/@aws-cdk/cdk/-/cdk-0.27.0.tgz",
      "integrity": "sha512-NTx0RWV++CzW78+3aN4vjcdx3aUxkFXtWQTB6+2U+jqwndGVYj+COL0/a6rilBMTCsIg+6e7XAiXmNyk3vsmRA==",
      "requires": {
        "@aws-cdk/cx-api": "0.27.0"
      }
    },
    "@aws-cdk/cx-api": {
      "version": "0.27.0",
      "resolved": "https://registry.npmjs.org/@aws-cdk/cx-api/-/cx-api-0.27.0.tgz",
      "integrity": "sha512-+RLa4w35FAS+8k4Qwe8fS6Fmdx9VDHHHjhI3qqJxv8+kM7n8iCshxAQSvQU6owrQu4hFfzXMZ1gg3NyIgqelMA=="
    },
    "@aws-cdk/region-info": {
      "version": "0.27.0",
      "resolved": "https://registry.npmjs.org/@aws-cdk/region-info/-/region-info-0.27.0.tgz",
      "integrity": "sha512-E3GFtNLlxdkA0B4FSSe6m94rTDs0XZaPO2LL3WaeAIKrMnYY9ocRBJPi8qk6YZJrmmHwZn0jyDj8eMGTQbAX6A=="
    },
    "@types/node": {
      "version": "8.10.40",
      "resolved": "https://registry.npmjs.org/@types/node/-/node-8.10.40.tgz",
      "integrity": "sha512-RRSjdwz63kS4u7edIwJUn8NqKLLQ6LyqF/X4+4jp38MBT3Vwetewi2N4dgJEshLbDwNgOJXNYoOwzVZUSSLhkQ==",
      "dev": true
    },
    "aws-cdk": {
      "version": "2.43.1",
      "resolved": "https://registry.npmjs.org/aws-cdk/-/aws-cdk-2.43.1.tgz",
      "integrity": "sha512-Y+Pomc+LdQ14h+CvFZg+FeqcLpV8MJcoFhqcoOtGi0xC8CkdGAWH+MfIWcqePk7OVOMIzDJP2eBdd9te2CrjcQ==",
      "dev": true,
      "requires": {
        "fsevents": "2.3.2"
      }
    },
    "buffer-from": {
      "version": "1.1.1",
      "resolved": "https://registry.npmjs.org/buffer-from/-/buffer-from-1.1.1.tgz",
      "integrity": "sha512-MQcXEUbCKtEo7bhqEs6560Hyd4XaovZlO/k9V3hjVUF/zwW7KBVdSK4gIt/bzwS9MbR5qob+F5jusZsb0YQK2A=="
    },
    "fsevents": {
      "version": "2.3.2",
      "resolved": "https://registry.npmjs.org/fsevents/-/fsevents-2.3.2.tgz",
      "integrity": "sha512-xiqMQR4xAeHTuB9uWm+fFRcIOgKBMiOBP+eXiyT7jsgVCq1bkVygt00oASowB7EdtpOHaaPgKt812P9ab+DDKA==",
      "dev": true,
      "optional": true
    },
    "source-map": {
      "version": "0.6.1",
      "resolved": "https://registry.npmjs.org/source-map/-/source-map-0.6.1.tgz",
      "integrity": "sha512-UjgapumWlbMhkBgzT7Ykc5YXUT46F0iKu8SGXq0bcwP5dz/h0Plj6enJqjz1Zbq2l5WaqYnrVbwWOWMyF3F47g=="
    },
    "source-map-support": {
      "version": "0.5.12",
      "resolved": "https://registry.npmjs.org/source-map-support/-/source-map-support-0.5.12.tgz",
      "integrity": "sha512-4h2Pbvyy15EE02G+JOZpUCmqWJuqrs+sEkzewTm++BPi7Hvn/HwcqLAcNxYAyI0x13CpPPn+kMjl+hplXMHITQ==",
      "requires": {
        "buffer-from": "1.1.1",
        "source-map": "0.6.1"
      }
    },
    "typescript": {
      "version": "3.4.5",
      "resolved": "https://registry.npmjs.org/typescript/-/typescript-3.4.5.tgz",
      "integrity": "sha512-YycBxUb49UUhdNMU5aJ7z5Ej2XGmaIBL0x34vZ82fn3hGvD+bgrMrVDpatgz2f7YxUMJxMkbWxJZeAvDxVe7Vw==",
      "dev": true
    }
  }
}
